// !$*UTF8*$!
{
	archiveVersion = 1;
	classes = {
	};
	objectVersion = 46;
	objects = {

/* Begin PBXBuildFile section */
		A729B4B01E5F09D37A0C9BA7 /* libPods.a in Frameworks */ = {isa = PBXBuildFile; fileRef = 289AD08D811A7F66C4FF3E46 /* libPods.a */; };
		E1075B511A8070B9002ADDF7 /* main.m in Sources */ = {isa = PBXBuildFile; fileRef = E1075B501A8070B9002ADDF7 /* main.m */; };
		E1075B541A8070B9002ADDF7 /* AppDelegate.m in Sources */ = {isa = PBXBuildFile; fileRef = E1075B531A8070B9002ADDF7 /* AppDelegate.m */; };
		E1075B571A8070B9002ADDF7 /* cocoapodsDemo.xcdatamodeld in Sources */ = {isa = PBXBuildFile; fileRef = E1075B551A8070B9002ADDF7 /* cocoapodsDemo.xcdatamodeld */; };
		E1075B5A1A8070B9002ADDF7 /* ViewController.m in Sources */ = {isa = PBXBuildFile; fileRef = E1075B591A8070B9002ADDF7 /* ViewController.m */; };
		E1075B5D1A8070B9002ADDF7 /* Main.storyboard in Resources */ = {isa = PBXBuildFile; fileRef = E1075B5B1A8070B9002ADDF7 /* Main.storyboard */; };
		E1075B5F1A8070B9002ADDF7 /* Images.xcassets in Resources */ = {isa = PBXBuildFile; fileRef = E1075B5E1A8070B9002ADDF7 /* Images.xcassets */; };
		E1075B621A8070B9002ADDF7 /* LaunchScreen.xib in Resources */ = {isa = PBXBuildFile; fileRef = E1075B601A8070B9002ADDF7 /* LaunchScreen.xib */; };
		E1075B6E1A8070B9002ADDF7 /* cocoapodsDemoTests.m in Sources */ = {isa = PBXBuildFile; fileRef = E1075B6D1A8070B9002ADDF7 /* cocoapodsDemoTests.m */; };
		E1A063EB1A81E51800195562 /* TestViewController.m in Sources */ = {isa = PBXBuildFile; fileRef = E1A063E91A81E51800195562 /* TestViewController.m */; };
		E1A063EC1A81E51800195562 /* TestViewController.xib in Resources */ = {isa = PBXBuildFile; fileRef = E1A063EA1A81E51800195562 /* TestViewController.xib */; };
/* End PBXBuildFile section */

/* Begin PBXContainerItemProxy section */
		E1075B681A8070B9002ADDF7 /* PBXContainerItemProxy */ = {
			isa = PBXContainerItemProxy;
			containerPortal = E1075B431A8070B9002ADDF7 /* Project object */;
			proxyType = 1;
			remoteGlobalIDString = E1075B4A1A8070B9002ADDF7;
			remoteInfo = cocoapodsDemo;
		};
/* End PBXContainerItemProxy section */

/* Begin PBXFileReference section */
		10743104849F9CC6EA02B1E0 /* Pods.release.xcconfig */ = {isa = PBXFileReference; includeInIndex = 1; lastKnownFileType = text.xcconfig; name = Pods.release.xcconfig; path = "Pods/Target Support Files/Pods/Pods.release.xcconfig"; sourceTree = "<group>"; };
		289AD08D811A7F66C4FF3E46 /* libPods.a */ = {isa = PBXFileReference; explicitFileType = archive.ar; includeInIndex = 0; path = libPods.a; sourceTree = BUILT_PRODUCTS_DIR; };
		50692820192AB973B4BE957B /* Pods.debug.xcconfig */ = {isa = PBXFileReference; includeInIndex = 1; lastKnownFileType = text.xcconfig; name = Pods.debug.xcconfig; path = "Pods/Target Support Files/Pods/Pods.debug.xcconfig"; sourceTree = "<group>"; };
		E1075B4B1A8070B9002ADDF7 /* cocoapodsDemo.app */ = {isa = PBXFileReference; explicitFileType = wrapper.application; includeInIndex = 0; path = cocoapodsDemo.app; sourceTree = BUILT_PRODUCTS_DIR; };
		E1075B4F1A8070B9002ADDF7 /* Info.plist */ = {isa = PBXFileReference; lastKnownFileType = text.plist.xml; path = Info.plist; sourceTree = "<group>"; };
		E1075B501A8070B9002ADDF7 /* main.m */ = {isa = PBXFileReference; lastKnownFileType = sourcecode.c.objc; path = main.m; sourceTree = "<group>"; };
		E1075B521A8070B9002ADDF7 /* AppDelegate.h */ = {isa = PBXFileReference; lastKnownFileType = sourcecode.c.h; path = AppDelegate.h; sourceTree = "<group>"; };
		E1075B531A8070B9002ADDF7 /* AppDelegate.m */ = {isa = PBXFileReference; lastKnownFileType = sourcecode.c.objc; path = AppDelegate.m; sourceTree = "<group>"; };
		E1075B561A8070B9002ADDF7 /* cocoapodsDemo.xcdatamodel */ = {isa = PBXFileReference; lastKnownFileType = wrapper.xcdatamodel; path = cocoapodsDemo.xcdatamodel; sourceTree = "<group>"; };
		E1075B581A8070B9002ADDF7 /* ViewController.h */ = {isa = PBXFileReference; lastKnownFileType = sourcecode.c.h; path = ViewController.h; sourceTree = "<group>"; };
		E1075B591A8070B9002ADDF7 /* ViewController.m */ = {isa = PBXFileReference; lastKnownFileType = sourcecode.c.objc; path = ViewController.m; sourceTree = "<group>"; };
		E1075B5C1A8070B9002ADDF7 /* Base */ = {isa = PBXFileReference; lastKnownFileType = file.storyboard; name = Base; path = Base.lproj/Main.storyboard; sourceTree = "<group>"; };
		E1075B5E1A8070B9002ADDF7 /* Images.xcassets */ = {isa = PBXFileReference; lastKnownFileType = folder.assetcatalog; path = Images.xcassets; sourceTree = "<group>"; };
		E1075B611A8070B9002ADDF7 /* Base */ = {isa = PBXFileReference; lastKnownFileType = file.xib; name = Base; path = Base.lproj/LaunchScreen.xib; sourceTree = "<group>"; };
		E1075B671A8070B9002ADDF7 /* cocoapodsDemoTests.xctest */ = {isa = PBXFileReference; explicitFileType = wrapper.cfbundle; includeInIndex = 0; path = cocoapodsDemoTests.xctest; sourceTree = BUILT_PRODUCTS_DIR; };
		E1075B6C1A8070B9002ADDF7 /* Info.plist */ = {isa = PBXFileReference; lastKnownFileType = text.plist.xml; path = Info.plist; sourceTree = "<group>"; };
		E1075B6D1A8070B9002ADDF7 /* cocoapodsDemoTests.m */ = {isa = PBXFileReference; lastKnownFileType = sourcecode.c.objc; path = cocoapodsDemoTests.m; sourceTree = "<group>"; };
		E1A063E81A81E51800195562 /* TestViewController.h */ = {isa = PBXFileReference; fileEncoding = 4; lastKnownFileType = sourcecode.c.h; path = TestViewController.h; sourceTree = "<group>"; };
		E1A063E91A81E51800195562 /* TestViewController.m */ = {isa = PBXFileReference; fileEncoding = 4; lastKnownFileType = sourcecode.c.objc; path = TestViewController.m; sourceTree = "<group>"; };
		E1A063EA1A81E51800195562 /* TestViewController.xib */ = {isa = PBXFileReference; fileEncoding = 4; lastKnownFileType = file.xib; path = TestViewController.xib; sourceTree = "<group>"; };
/* End PBXFileReference section */

/* Begin PBXFrameworksBuildPhase section */
		E1075B481A8070B9002ADDF7 /* Frameworks */ = {
			isa = PBXFrameworksBuildPhase;
			buildActionMask = 2147483647;
			files = (
				A729B4B01E5F09D37A0C9BA7 /* libPods.a in Frameworks */,
			);
			runOnlyForDeploymentPostprocessing = 0;
		};
		E1075B641A8070B9002ADDF7 /* Frameworks */ = {
			isa = PBXFrameworksBuildPhase;
			buildActionMask = 2147483647;
			files = (
			);
			runOnlyForDeploymentPostprocessing = 0;
		};
/* End PBXFrameworksBuildPhase section */

/* Begin PBXGroup section */
		1B946EF446177225F553A3A3 /* Pods */ = {
			isa = PBXGroup;
			children = (
				50692820192AB973B4BE957B /* Pods.debug.xcconfig */,
				10743104849F9CC6EA02B1E0 /* Pods.release.xcconfig */,
			);
			name = Pods;
			sourceTree = "<group>";
		};
		3838C47A60393EEA44EB08FF /* Frameworks */ = {
			isa = PBXGroup;
			children = (
				289AD08D811A7F66C4FF3E46 /* libPods.a */,
			);
			name = Frameworks;
			sourceTree = "<group>";
		};
		E1075B421A8070B9002ADDF7 = {
			isa = PBXGroup;
			children = (
				E1075B4D1A8070B9002ADDF7 /* cocoapodsDemo */,
				E1075B6A1A8070B9002ADDF7 /* cocoapodsDemoTests */,
				E1075B4C1A8070B9002ADDF7 /* Products */,
				1B946EF446177225F553A3A3 /* Pods */,
				3838C47A60393EEA44EB08FF /* Frameworks */,
			);
			sourceTree = "<group>";
		};
		E1075B4C1A8070B9002ADDF7 /* Products */ = {
			isa = PBXGroup;
			children = (
				E1075B4B1A8070B9002ADDF7 /* cocoapodsDemo.app */,
				E1075B671A8070B9002ADDF7 /* cocoapodsDemoTests.xctest */,
			);
			name = Products;
			sourceTree = "<group>";
		};
		E1075B4D1A8070B9002ADDF7 /* cocoapodsDemo */ = {
			isa = PBXGroup;
			children = (
				E1075B521A8070B9002ADDF7 /* AppDelegate.h */,
				E1075B531A8070B9002ADDF7 /* AppDelegate.m */,
				E1075B581A8070B9002ADDF7 /* ViewController.h */,
				E1075B591A8070B9002ADDF7 /* ViewController.m */,
				E1075B5B1A8070B9002ADDF7 /* Main.storyboard */,
				E1075B5E1A8070B9002ADDF7 /* Images.xcassets */,
				E1A063E61A81E4ED00195562 /* ViewController */,
				E1075B601A8070B9002ADDF7 /* LaunchScreen.xib */,
				E1075B551A8070B9002ADDF7 /* cocoapodsDemo.xcdatamodeld */,
				E1075B4E1A8070B9002ADDF7 /* Supporting Files */,
			);
			path = cocoapodsDemo;
			sourceTree = "<group>";
		};
		E1075B4E1A8070B9002ADDF7 /* Supporting Files */ = {
			isa = PBXGroup;
			children = (
				E1075B4F1A8070B9002ADDF7 /* Info.plist */,
				E1075B501A8070B9002ADDF7 /* main.m */,
			);
			name = "Supporting Files";
			sourceTree = "<group>";
		};
		E1075B6A1A8070B9002ADDF7 /* cocoapodsDemoTests */ = {
			isa = PBXGroup;
			children = (
				E1075B6D1A8070B9002ADDF7 /* cocoapodsDemoTests.m */,
				E1075B6B1A8070B9002ADDF7 /* Supporting Files */,
			);
			path = cocoapodsDemoTests;
			sourceTree = "<group>";
		};
		E1075B6B1A8070B9002ADDF7 /* Supporting Files */ = {
			isa = PBXGroup;
			children = (
				E1075B6C1A8070B9002ADDF7 /* Info.plist */,
			);
			name = "Supporting Files";
			sourceTree = "<group>";
		};
		E1A063E61A81E4ED00195562 /* ViewController */ = {
			isa = PBXGroup;
			children = (
				E1A063E71A81E50300195562 /* List */,
			);
			path = ViewController;
			sourceTree = "<group>";
		};
		E1A063E71A81E50300195562 /* List */ = {
			isa = PBXGroup;
			children = (
				E1A063E81A81E51800195562 /* TestViewController.h */,
				E1A063E91A81E51800195562 /* TestViewController.m */,
				E1A063EA1A81E51800195562 /* TestViewController.xib */,
			);
			path = List;
			sourceTree = "<group>";
		};
/* End PBXGroup section */

/* Begin PBXNativeTarget section */
		E1075B4A1A8070B9002ADDF7 /* cocoapodsDemo */ = {
			isa = PBXNativeTarget;
			buildConfigurationList = E1075B711A8070B9002ADDF7 /* Build configuration list for PBXNativeTarget "cocoapodsDemo" */;
			buildPhases = (
				3CB2205A12FCD93BFB2CB0BF /* Check Pods Manifest.lock */,
				E1075B471A8070B9002ADDF7 /* Sources */,
				E1075B481A8070B9002ADDF7 /* Frameworks */,
				E1075B491A8070B9002ADDF7 /* Resources */,
				3B3C2FF6F098D514832D3AB4 /* Copy Pods Resources */,
			);
			buildRules = (
			);
			dependencies = (
			);
			name = cocoapodsDemo;
			productName = cocoapodsDemo;
			productReference = E1075B4B1A8070B9002ADDF7 /* cocoapodsDemo.app */;
			productType = "com.apple.product-type.application";
		};
		E1075B661A8070B9002ADDF7 /* cocoapodsDemoTests */ = {
			isa = PBXNativeTarget;
			buildConfigurationList = E1075B741A8070B9002ADDF7 /* Build configuration list for PBXNativeTarget "cocoapodsDemoTests" */;
			buildPhases = (
				E1075B631A8070B9002ADDF7 /* Sources */,
				E1075B641A8070B9002ADDF7 /* Frameworks */,
				E1075B651A8070B9002ADDF7 /* Resources */,
			);
			buildRules = (
			);
			dependencies = (
				E1075B691A8070B9002ADDF7 /* PBXTargetDependency */,
			);
			name = cocoapodsDemoTests;
			productName = cocoapodsDemoTests;
			productReference = E1075B671A8070B9002ADDF7 /* cocoapodsDemoTests.xctest */;
			productType = "com.apple.product-type.bundle.unit-test";
		};
/* End PBXNativeTarget section */

/* Begin PBXProject section */
		E1075B431A8070B9002ADDF7 /* Project object */ = {
			isa = PBXProject;
			attributes = {
				LastUpgradeCheck = 0610;
				ORGANIZATIONNAME = baidu;
				TargetAttributes = {
					E1075B4A1A8070B9002ADDF7 = {
						CreatedOnToolsVersion = 6.1.1;
					};
					E1075B661A8070B9002ADDF7 = {
						CreatedOnToolsVersion = 6.1.1;
						TestTargetID = E1075B4A1A8070B9002ADDF7;
					};
				};
			};
			buildConfigurationList = E1075B461A8070B9002ADDF7 /* Build configuration list for PBXProject "cocoapodsDemo" */;
			compatibilityVersion = "Xcode 3.2";
			developmentRegion = English;
			hasScannedForEncodings = 0;
			knownRegions = (
				en,
				Base,
			);
			mainGroup = E1075B421A8070B9002ADDF7;
			productRefGroup = E1075B4C1A8070B9002ADDF7 /* Products */;
			projectDirPath = "";
			projectRoot = "";
			targets = (
				E1075B4A1A8070B9002ADDF7 /* cocoapodsDemo */,
				E1075B661A8070B9002ADDF7 /* cocoapodsDemoTests */,
			);
		};
/* End PBXProject section */

/* Begin PBXResourcesBuildPhase section */
		E1075B491A8070B9002ADDF7 /* Resources */ = {
			isa = PBXResourcesBuildPhase;
			buildActionMask = 2147483647;
			files = (
				E1075B5D1A8070B9002ADDF7 /* Main.storyboard in Resources */,
				E1075B621A8070B9002ADDF7 /* LaunchScreen.xib in Resources */,
				E1A063EC1A81E51800195562 /* TestViewController.xib in Resources */,
				E1075B5F1A8070B9002ADDF7 /* Images.xcassets in Resources */,
			);
			runOnlyForDeploymentPostprocessing = 0;
		};
		E1075B651A8070B9002ADDF7 /* Resources */ = {
			isa = PBXResourcesBuildPhase;
			buildActionMask = 2147483647;
			files = (
			);
			runOnlyForDeploymentPostprocessing = 0;
		};
/* End PBXResourcesBuildPhase section */

/* Begin PBXShellScriptBuildPhase section */
		3B3C2FF6F098D514832D3AB4 /* Copy Pods Resources */ = {
			isa = PBXShellScriptBuildPhase;
			buildActionMask = 2147483647;
			files = (
			);
			inputPaths = (
			);
			name = "Copy Pods Resources";
			outputPaths = (
			);
			runOnlyForDeploymentPostprocessing = 0;
			shellPath = /bin/sh;
			shellScript = "\"${SRCROOT}/Pods/Target Support Files/Pods/Pods-resources.sh\"\n";
			showEnvVarsInLog = 0;
		};
		3CB2205A12FCD93BFB2CB0BF /* Check Pods Manifest.lock */ = {
			isa = PBXShellScriptBuildPhase;
			buildActionMask = 2147483647;
			files = (
			);
			inputPaths = (
			);
			name = "Check Pods Manifest.lock";
			outputPaths = (
			);
			runOnlyForDeploymentPostprocessing = 0;
			shellPath = /bin/sh;
			shellScript = "diff \"${PODS_ROOT}/../Podfile.lock\" \"${PODS_ROOT}/Manifest.lock\" > /dev/null\nif [[ $? != 0 ]] ; then\n    cat << EOM\nerror: The sandbox is not in sync with the Podfile.lock. Run 'pod install' or update your CocoaPods installation.\nEOM\n    exit 1\nfi\n";
			showEnvVarsInLog = 0;
		};
/* End PBXShellScriptBuildPhase section */

/* Begin PBXSourcesBuildPhase section */
		E1075B471A8070B9002ADDF7 /* Sources */ = {
			isa = PBXSourcesBuildPhase;
			buildActionMask = 2147483647;
			files = (
				E1075B541A8070B9002ADDF7 /* AppDelegate.m in Sources */,
				E1075B511A8070B9002ADDF7 /* main.m in Sources */,
				E1075B5A1A8070B9002ADDF7 /* ViewController.m in Sources */,
				E1075B571A8070B9002ADDF7 /* cocoapodsDemo.xcdatamodeld in Sources */,
				E1A063EB1A81E51800195562 /* TestViewController.m in Sources */,
			);
			runOnlyForDeploymentPostprocessing = 0;
		};
		E1075B631A8070B9002ADDF7 /* Sources */ = {
			isa = PBXSourcesBuildPhase;
			buildActionMask = 2147483647;
			files = (
				E1075B6E1A8070B9002ADDF7 /* cocoapodsDemoTests.m in Sources */,
			);
			runOnlyForDeploymentPostprocessing = 0;
		};
/* End PBXSourcesBuildPhase section */

/* Begin PBXTargetDependency section */
		E1075B691A8070B9002ADDF7 /* PBXTargetDependency */ = {
			isa = PBXTargetDependency;
			target = E1075B4A1A8070B9002ADDF7 /* cocoapodsDemo */;
			targetProxy = E1075B681A8070B9002ADDF7 /* PBXContainerItemProxy */;
		};
/* End PBXTargetDependency section */

/* Begin PBXVariantGroup section */
		E1075B5B1A8070B9002ADDF7 /* Main.storyboard */ = {
			isa = PBXVariantGroup;
			children = (
				E1075B5C1A8070B9002ADDF7 /* Base */,
			);
			name = Main.storyboard;
			sourceTree = "<group>";
		};
		E1075B601A8070B9002ADDF7 /* LaunchScreen.xib */ = {
			isa = PBXVariantGroup;
			children = (
				E1075B611A8070B9002ADDF7 /* Base */,
			);
			name = LaunchScreen.xib;
			sourceTree = "<group>";
		};
/* End PBXVariantGroup section */

/* Begin XCBuildConfiguration section */
		E1075B6F1A8070B9002ADDF7 /* Debug */ = {
			isa = XCBuildConfiguration;
			buildSettings = {
				ALWAYS_SEARCH_USER_PATHS = NO;
				CLANG_CXX_LANGUAGE_STANDARD = "gnu++0x";
				CLANG_CXX_LIBRARY = "libc++";
				CLANG_ENABLE_MODULES = YES;
				CLANG_ENABLE_OBJC_ARC = YES;
				CLANG_WARN_BOOL_CONVERSION = YES;
				CLANG_WARN_CONSTANT_CONVERSION = YES;
				CLANG_WARN_DIRECT_OBJC_ISA_USAGE = YES_ERROR;
				CLANG_WARN_EMPTY_BODY = YES;
				CLANG_WARN_ENUM_CONVERSION = YES;
				CLANG_WARN_INT_CONVERSION = YES;
				CLANG_WARN_OBJC_ROOT_CLASS = YES_ERROR;
				CLANG_WARN_UNREACHABLE_CODE = YES;
				CLANG_WARN__DUPLICATE_METHOD_MATCH = YES;
				"CODE_SIGN_IDENTITY[sdk=iphoneos*]" = "iPhone Developer";
				COPY_PHASE_STRIP = NO;
				ENABLE_STRICT_OBJC_MSGSEND = YES;
				GCC_C_LANGUAGE_STANDARD = gnu99;
				GCC_DYNAMIC_NO_PIC = NO;
				GCC_OPTIMIZATION_LEVEL = 0;
				GCC_PREPROCESSOR_DEFINITIONS = (
					"DEBUG=1",
					"$(inherited)",
				);
				GCC_SYMBOLS_PRIVATE_EXTERN = NO;
				GCC_WARN_64_TO_32_BIT_CONVERSION = YES;
				GCC_WARN_ABOUT_RETURN_TYPE = YES_ERROR;
				GCC_WARN_UNDECLARED_SELECTOR = YES;
				GCC_WARN_UNINITIALIZED_AUTOS = YES_AGGRESSIVE;
				GCC_WARN_UNUSED_FUNCTION = YES;
				GCC_WARN_UNUSED_VARIABLE = YES;
				IPHONEOS_DEPLOYMENT_TARGET = 8.1;
				MTL_ENABLE_DEBUG_INFO = YES;
				ONLY_ACTIVE_ARCH = YES;
				SDKROOT = iphoneos;
			};
			name = Debug;
		};
		E1075B701A8070B9002ADDF7 /* Release */ = {
			isa = XCBuildConfiguration;
			buildSettings = {
				ALWAYS_SEARCH_USER_PATHS = NO;
				CLANG_CXX_LANGUAGE_STANDARD = "gnu++0x";
				CLANG_CXX_LIBRARY = "libc++";
				CLANG_ENABLE_MODULES = YES;
				CLANG_ENABLE_OBJC_ARC = YES;
				CLANG_WARN_BOOL_CONVERSION = YES;
				CLANG_WARN_CONSTANT_CONVERSION = YES;
				CLANG_WARN_DIRECT_OBJC_ISA_USAGE = YES_ERROR;
				CLANG_WARN_EMPTY_BODY = YES;
				CLANG_WARN_ENUM_CONVERSION = YES;
				CLANG_WARN_INT_CONVERSION = YES;
				CLANG_WARN_OBJC_ROOT_CLASS = YES_ERROR;
				CLANG_WARN_UNREACHABLE_CODE = YES;
				CLANG_WARN__DUPLICATE_METHOD_MATCH = YES;
				"CODE_SIGN_IDENTITY[sdk=iphoneos*]" = "iPhone Developer";
				COPY_PHASE_STRIP = YES;
				ENABLE_NS_ASSERTIONS = NO;
				ENABLE_STRICT_OBJC_MSGSEND = YES;
				GCC_C_LANGUAGE_STANDARD = gnu99;
				GCC_WARN_64_TO_32_BIT_CONVERSION = YES;
				GCC_WARN_ABOUT_RETURN_TYPE = YES_ERROR;
				GCC_WARN_UNDECLARED_SELECTOR = YES;
				GCC_WARN_UNINITIALIZED_AUTOS = YES_AGGRESSIVE;
				GCC_WARN_UNUSED_FUNCTION = YES;
				GCC_WARN_UNUSED_VARIABLE = YES;
				IPHONEOS_DEPLOYMENT_TARGET = 8.1;
				MTL_ENABLE_DEBUG_INFO = NO;
				SDKROOT = iphoneos;
				VALIDATE_PRODUCT = YES;
			};
			name = Release;
		};
		E1075B721A8070B9002ADDF7 /* Debug */ = {
			isa = XCBuildConfiguration;
			baseConfigurationReference = 50692820192AB973B4BE957B /* Pods.debug.xcconfig */;
			buildSettings = {
				ASSETCATALOG_COMPILER_APPICON_NAME = AppIcon;
				INFOPLIST_FILE = cocoapodsDemo/Info.plist;
				LD_RUNPATH_SEARCH_PATHS = "$(inherited) @executable_path/Frameworks";
				PRODUCT_NAME = "$(TARGET_NAME)";
			};
			name = Debug;
		};
		E1075B731A8070B9002ADDF7 /* Release */ = {
			isa = XCBuildConfiguration;
			baseConfigurationReference = 10743104849F9CC6EA02B1E0 /* Pods.release.xcconfig */;
			buildSettings = {
				ASSETCATALOG_COMPILER_APPICON_NAME = AppIcon;
				INFOPLIST_FILE = cocoapodsDemo/Info.plist;
				LD_RUNPATH_SEARCH_PATHS = "$(inherited) @executable_path/Frameworks";
				PRODUCT_NAME = "$(TARGET_NAME)";
			};
			name = Release;
		};
		E1075B751A8070B9002ADDF7 /* Debug */ = {
			isa = XCBuildConfiguration;
			buildSettings = {
				BUNDLE_LOADER = "$(TEST_HOST)";
				FRAMEWORK_SEARCH_PATHS = (
					"$(SDKROOT)/Developer/Library/Frameworks",
					"$(inherited)",
				);
				GCC_PREPROCESSOR_DEFINITIONS = (
					"DEBUG=1",
					"$(inherited)",
				);
				INFOPLIST_FILE = cocoapodsDemoTests/Info.plist;
				LD_RUNPATH_SEARCH_PATHS = "$(inherited) @executable_path/Frameworks @loader_path/Frameworks";
				PRODUCT_NAME = "$(TARGET_NAME)";
				TEST_HOST = "$(BUILT_PRODUCTS_DIR)/cocoapodsDemo.app/cocoapodsDemo";
			};
			name = Debug;
		};
		E1075B761A8070B9002ADDF7 /* Release */ = {
			isa = XCBuildConfiguration;
			buildSettings = {
				BUNDLE_LOADER = "$(TEST_HOST)";
				FRAMEWORK_SEARCH_PATHS = (
					"$(SDKROOT)/Developer/Library/Frameworks",
					"$(inherited)",
				);
				INFOPLIST_FILE = cocoapodsDemoTests/Info.plist;
				LD_RUNPATH_SEARCH_PATHS = "$(inherited) @executable_path/Frameworks @loader_path/Frameworks";
				PRODUCT_NAME = "$(TARGET_NAME)";
				TEST_HOST = "$(BUILT_PRODUCTS_DIR)/cocoapodsDemo.app/cocoapodsDemo";
			};
			name = Release;
		};
/* End XCBuildConfiguration section */

/* Begin XCConfigurationList section */
		E1075B461A8070B9002ADDF7 /* Build configuration list for PBXProject "cocoapodsDemo" */ = {
			isa = XCConfigurationList;
			buildConfigurations = (
				E1075B6F1A8070B9002ADDF7 /* Debug */,
				E1075B701A8070B9002ADDF7 /* Release */,
			);
			defaultConfigurationIsVisible = 0;
			defaultConfigurationName = Release;
		};
		E1075B711A8070B9002ADDF7 /* Build configuration list for PBXNativeTarget "cocoapodsDemo" */ = {
			isa = XCConfigurationList;
			buildConfigurations = (
				E1075B721A8070B9002ADDF7 /* Debug */,
				E1075B731A8070B9002ADDF7 /* Release */,
			);
			defaultConfigurationIsVisible = 0;
			defaultConfigurationName = Release;
		};
		E1075B741A8070B9002ADDF7 /* Build configuration list for PBXNativeTarget "cocoapodsDemoTests" */ = {
			isa = XCConfigurationList;
			buildConfigurations = (
				E1075B751A8070B9002ADDF7 /* Debug */,
				E1075B761A8070B9002ADDF7 /* Release */,
			);
			defaultConfigurationIsVisible = 0;
			defaultConfigurationName = Release;
		};
/* End XCConfigurationList section */

/* Begin XCVersionGroup section */
		E1075B551A8070B9002ADDF7 /* cocoapodsDemo.xcdatamodeld */ = {
			isa = XCVersionGroup;
			children = (
				E1075B561A8070B9002ADDF7 /* cocoapodsDemo.xcdatamodel */,
			);
			currentVersion = E1075B561A8070B9002ADDF7 /* cocoapodsDemo.xcdatamodel */;
			path = cocoapodsDemo.xcdatamodeld;
			sourceTree = "<group>";
			versionGroupType = wrapper.xcdatamodel;
		};
/* End XCVersionGroup section */
	};
	rootObject = E1075B431A8070B9002ADDF7 /* Project object */;
}
